
Microsoft Visual Studio Solution File, Format Version 12.00
# Visual Studio Version 16
VisualStudioVersion = 16.0.30611.23
MinimumVisualStudioVersion = 10.0.40219.1
Project("{FAE04EC0-301F-11D3-BF4B-00C04F79EFBC}") = "Lb13", "Lb13\Lb13.csproj", "{5D59C327-EE66-4747-BE4C-2BAC0BBEF38D}"
EndProject
Global
	GlobalSection(SolutionConfigurationPlatforms) = preSolution
		Debug|Any CPU = Debug|Any CPU
		Release|Any CPU = Release|Any CPU
	EndGlobalSection
	GlobalSection(ProjectConfigurationPlatforms) = postSolution
		{5D59C327-EE66-4747-BE4C-2BAC0BBEF38D}.Debug|Any CPU.ActiveCfg = Debug|Any CPU
		{5D59C327-EE66-4747-BE4C-2BAC0BBEF38D}.Debug|Any CPU.Build.0 = Debug|Any CPU
		{5D59C327-EE66-4747-BE4C-2BAC0BBEF38D}.Release|Any CPU.ActiveCfg = Release|Any CPU
		{5D59C327-EE66-4747-BE4C-2BAC0BBEF38D}.Release|Any CPU.Build.0 = Release|Any CPU
	EndGlobalSection
	GlobalSection(SolutionProperties) = preSolution
		HideSolutionNode = FALSE
	EndGlobalSection
	GlobalSection(ExtensibilityGlobals) = postSolution
		SolutionGuid = {B9FEFE7F-140F-4FE0-A3A6-7F99062EECFF}
	EndGlobalSection
EndGlobal
